
Microsoft Visual Studio Solution File, Format Version 12.00
# Visual Studio Version 17
VisualStudioVersion = 17.1.32319.34
MinimumVisualStudioVersion = 10.0.40219.1
Project("{FAE04EC0-301F-11D3-BF4B-00C04F79EFBC}") = "LPR1_Derbin", "LPR1_Derbin\LPR1_Derbin.csproj", "{BCFF6637-5CB1-4BA4-9B5A-958A08560EF7}"
EndProject
Global
	GlobalSection(SolutionConfigurationPlatforms) = preSolution
		Debug|Any CPU = Debug|Any CPU
		Release|Any CPU = Release|Any CPU
	EndGlobalSection
	GlobalSection(ProjectConfigurationPlatforms) = postSolution
		{BCFF6637-5CB1-4BA4-9B5A-958A08560EF7}.Debug|Any CPU.ActiveCfg = Debug|Any CPU
		{BCFF6637-5CB1-4BA4-9B5A-958A08560EF7}.Debug|Any CPU.Build.0 = Debug|Any CPU
		{BCFF6637-5CB1-4BA4-9B5A-958A08560EF7}.Release|Any CPU.ActiveCfg = Release|Any CPU
		{BCFF6637-5CB1-4BA4-9B5A-958A08560EF7}.Release|Any CPU.Build.0 = Release|Any CPU
	EndGlobalSection
	GlobalSection(SolutionProperties) = preSolution
		HideSolutionNode = FALSE
	EndGlobalSection
	GlobalSection(ExtensibilityGlobals) = postSolution
		SolutionGuid = {C05774CE-2452-408C-AB8D-EBA08533F024}
	EndGlobalSection
EndGlobal
